// !$*UTF8*$!
{
	archiveVersion = 1;
	classes = {
	};
	objectVersion = 48;
	objects = {

/* Begin PBXBuildFile section */
		AF12AC5820B63C1900157B83 /* LaunchScreen.storyboard in Resources */ = {isa = PBXBuildFile; fileRef = AF12AC5620B63C1900157B83 /* LaunchScreen.storyboard */; };
		AF12AC5920B63C1900157B83 /* Main.storyboard in Resources */ = {isa = PBXBuildFile; fileRef = AF12AC5720B63C1900157B83 /* Main.storyboard */; };
		AF12AC5D20B63C8800157B83 /* CollectionViewCell.swift in Sources */ = {isa = PBXBuildFile; fileRef = AF12AC5C20B63C8800157B83 /* CollectionViewCell.swift */; };
		AF147E6B20B6E19C00B91F2E /* ListModel.swift in Sources */ = {isa = PBXBuildFile; fileRef = AF147E6A20B6E19C00B91F2E /* ListModel.swift */; };
		AF147E6D20B6E43B00B91F2E /* String.swift in Sources */ = {isa = PBXBuildFile; fileRef = AF147E6C20B6E43B00B91F2E /* String.swift */; };
		AF147E6F20B6E86100B91F2E /* .gitignore in Resources */ = {isa = PBXBuildFile; fileRef = AF147E6E20B6E86100B91F2E /* .gitignore */; };
		AF147E7220B6F16D00B91F2E /* ThemeColor.swift in Sources */ = {isa = PBXBuildFile; fileRef = AF147E7120B6F16D00B91F2E /* ThemeColor.swift */; };
		AF147E7420B6F1BE00B91F2E /* UIColor.swift in Sources */ = {isa = PBXBuildFile; fileRef = AF147E7320B6F1BE00B91F2E /* UIColor.swift */; };
		AF147E7720B6F46D00B91F2E /* Util.swift in Sources */ = {isa = PBXBuildFile; fileRef = AF147E7620B6F46D00B91F2E /* Util.swift */; };
		AF17DE8820B7ACC5006AB7E5 /* CustomLayout.swift in Sources */ = {isa = PBXBuildFile; fileRef = AF17DE8720B7ACC5006AB7E5 /* CustomLayout.swift */; };
		AF19CF8D20B7E66F004B9BC8 /* DetailViewController.swift in Sources */ = {isa = PBXBuildFile; fileRef = AF19CF8C20B7E66F004B9BC8 /* DetailViewController.swift */; };
		AF19CF9020B7E827004B9BC8 /* PortraitTableViewCell.swift in Sources */ = {isa = PBXBuildFile; fileRef = AF19CF8F20B7E827004B9BC8 /* PortraitTableViewCell.swift */; };
		AF19CF9220B7E840004B9BC8 /* LandscapeTableViewCell.swift in Sources */ = {isa = PBXBuildFile; fileRef = AF19CF9120B7E840004B9BC8 /* LandscapeTableViewCell.swift */; };
		AF1BFFA720B90B1F004FEF2B /* RootViewManager.swift in Sources */ = {isa = PBXBuildFile; fileRef = AF1BFFA620B90B1F004FEF2B /* RootViewManager.swift */; };
		AF83566A20B636EE00DA035A /* iOSProficiencyExercise.xcdatamodeld in Sources */ = {isa = PBXBuildFile; fileRef = AF83566820B636EE00DA035A /* iOSProficiencyExercise.xcdatamodeld */; };
		AF83567A20B636EE00DA035A /* iOSProficiencyExerciseTests.swift in Sources */ = {isa = PBXBuildFile; fileRef = AF83567920B636EE00DA035A /* iOSProficiencyExerciseTests.swift */; };
		AF83568520B636EE00DA035A /* iOSProficiencyExerciseUITests.swift in Sources */ = {isa = PBXBuildFile; fileRef = AF83568420B636EE00DA035A /* iOSProficiencyExerciseUITests.swift */; };
		AF83569920B6375B00DA035A /* AppDelegate.swift in Sources */ = {isa = PBXBuildFile; fileRef = AF83569720B6375B00DA035A /* AppDelegate.swift */; };
		AF83569D20B637AA00DA035A /* Assets.xcassets in Resources */ = {isa = PBXBuildFile; fileRef = AF83569C20B637AA00DA035A /* Assets.xcassets */; };
		AF8EC76720BA547900FBD5F6 /* FeedsViewController.swift in Sources */ = {isa = PBXBuildFile; fileRef = AF8EC76620BA547900FBD5F6 /* FeedsViewController.swift */; };
		AF8EC79020BA626800FBD5F6 /* FeedsModel.swift in Sources */ = {isa = PBXBuildFile; fileRef = AF8EC78F20BA626800FBD5F6 /* FeedsModel.swift */; };
		AF8EC79220BA634400FBD5F6 /* DynamicValue.swift in Sources */ = {isa = PBXBuildFile; fileRef = AF8EC79120BA634400FBD5F6 /* DynamicValue.swift */; };
		AF8EC79920BA63C900FBD5F6 /* FeedsDataSource.swift in Sources */ = {isa = PBXBuildFile; fileRef = AF8EC79820BA63C900FBD5F6 /* FeedsDataSource.swift */; };
		AF8EC79B20BA63DC00FBD5F6 /* FeedsViewModel.swift in Sources */ = {isa = PBXBuildFile; fileRef = AF8EC79A20BA63DC00FBD5F6 /* FeedsViewModel.swift */; };
		AF8EC7A120BA65CC00FBD5F6 /* Result.swift in Sources */ = {isa = PBXBuildFile; fileRef = AF8EC7A020BA65CC00FBD5F6 /* Result.swift */; };
		AF8EC7A320BA65D900FBD5F6 /* ErrorResult.swift in Sources */ = {isa = PBXBuildFile; fileRef = AF8EC7A220BA65D900FBD5F6 /* ErrorResult.swift */; };
		AF8EC7A520BA65FF00FBD5F6 /* RequestService.swift in Sources */ = {isa = PBXBuildFile; fileRef = AF8EC7A420BA65FF00FBD5F6 /* RequestService.swift */; };
		AF8EC7A720BA660F00FBD5F6 /* RequestHandler.swift in Sources */ = {isa = PBXBuildFile; fileRef = AF8EC7A620BA660F00FBD5F6 /* RequestHandler.swift */; };
		AF8EC7AB20BA666000FBD5F6 /* ParserHelper.swift in Sources */ = {isa = PBXBuildFile; fileRef = AF8EC7AA20BA666000FBD5F6 /* ParserHelper.swift */; };
		AF8EC7AD20BA668800FBD5F6 /* FeedsService.swift in Sources */ = {isa = PBXBuildFile; fileRef = AF8EC7AC20BA668800FBD5F6 /* FeedsService.swift */; };
		AF8EC7AF20BA674B00FBD5F6 /* Reachability.swift in Sources */ = {isa = PBXBuildFile; fileRef = AF8EC7AE20BA674B00FBD5F6 /* Reachability.swift */; };
		AF8EC7BF20BA97E900FBD5F6 /* RequestFactory.swift in Sources */ = {isa = PBXBuildFile; fileRef = AF8EC7BE20BA97E900FBD5F6 /* RequestFactory.swift */; };
		AF8EC7C120BA97FF00FBD5F6 /* ImageManager.swift in Sources */ = {isa = PBXBuildFile; fileRef = AF8EC7C020BA97FF00FBD5F6 /* ImageManager.swift */; };
		AF8EC7C320BA98C500FBD5F6 /* ImageHelper.swift in Sources */ = {isa = PBXBuildFile; fileRef = AF8EC7C220BA98C500FBD5F6 /* ImageHelper.swift */; };
/* End PBXBuildFile section */

/* Begin PBXContainerItemProxy section */
		AF83567620B636EE00DA035A /* PBXContainerItemProxy */ = {
			isa = PBXContainerItemProxy;
			containerPortal = AF83565620B636EE00DA035A /* Project object */;
			proxyType = 1;
			remoteGlobalIDString = AF83565D20B636EE00DA035A;
			remoteInfo = iOSProficiencyExercise;
		};
		AF83568120B636EE00DA035A /* PBXContainerItemProxy */ = {
			isa = PBXContainerItemProxy;
			containerPortal = AF83565620B636EE00DA035A /* Project object */;
			proxyType = 1;
			remoteGlobalIDString = AF83565D20B636EE00DA035A;
			remoteInfo = iOSProficiencyExercise;
		};
/* End PBXContainerItemProxy section */

/* Begin PBXFileReference section */
		AF12AC5620B63C1900157B83 /* LaunchScreen.storyboard */ = {isa = PBXFileReference; fileEncoding = 4; lastKnownFileType = file.storyboard; path = LaunchScreen.storyboard; sourceTree = "<group>"; };
		AF12AC5720B63C1900157B83 /* Main.storyboard */ = {isa = PBXFileReference; fileEncoding = 4; lastKnownFileType = file.storyboard; path = Main.storyboard; sourceTree = "<group>"; };
		AF12AC5C20B63C8800157B83 /* CollectionViewCell.swift */ = {isa = PBXFileReference; lastKnownFileType = sourcecode.swift; path = CollectionViewCell.swift; sourceTree = "<group>"; };
		AF147E6A20B6E19C00B91F2E /* ListModel.swift */ = {isa = PBXFileReference; lastKnownFileType = sourcecode.swift; path = ListModel.swift; sourceTree = "<group>"; };
		AF147E6C20B6E43B00B91F2E /* String.swift */ = {isa = PBXFileReference; lastKnownFileType = sourcecode.swift; path = String.swift; sourceTree = "<group>"; };
		AF147E6E20B6E86100B91F2E /* .gitignore */ = {isa = PBXFileReference; lastKnownFileType = text; path = .gitignore; sourceTree = "<group>"; };
		AF147E7120B6F16D00B91F2E /* ThemeColor.swift */ = {isa = PBXFileReference; lastKnownFileType = sourcecode.swift; path = ThemeColor.swift; sourceTree = "<group>"; };
		AF147E7320B6F1BE00B91F2E /* UIColor.swift */ = {isa = PBXFileReference; lastKnownFileType = sourcecode.swift; path = UIColor.swift; sourceTree = "<group>"; };
		AF147E7620B6F46D00B91F2E /* Util.swift */ = {isa = PBXFileReference; lastKnownFileType = sourcecode.swift; path = Util.swift; sourceTree = "<group>"; };
		AF17DE8720B7ACC5006AB7E5 /* CustomLayout.swift */ = {isa = PBXFileReference; lastKnownFileType = sourcecode.swift; path = CustomLayout.swift; sourceTree = "<group>"; };
		AF19CF8C20B7E66F004B9BC8 /* DetailViewController.swift */ = {isa = PBXFileReference; lastKnownFileType = sourcecode.swift; path = DetailViewController.swift; sourceTree = "<group>"; };
		AF19CF8F20B7E827004B9BC8 /* PortraitTableViewCell.swift */ = {isa = PBXFileReference; lastKnownFileType = sourcecode.swift; path = PortraitTableViewCell.swift; sourceTree = "<group>"; };
		AF19CF9120B7E840004B9BC8 /* LandscapeTableViewCell.swift */ = {isa = PBXFileReference; lastKnownFileType = sourcecode.swift; path = LandscapeTableViewCell.swift; sourceTree = "<group>"; };
		AF1BFFA620B90B1F004FEF2B /* RootViewManager.swift */ = {isa = PBXFileReference; lastKnownFileType = sourcecode.swift; path = RootViewManager.swift; sourceTree = "<group>"; };
		AF83565E20B636EE00DA035A /* iOSProficiencyExercise.app */ = {isa = PBXFileReference; explicitFileType = wrapper.application; includeInIndex = 0; path = iOSProficiencyExercise.app; sourceTree = BUILT_PRODUCTS_DIR; };
		AF83566920B636EE00DA035A /* iOSProficiencyExercise.xcdatamodel */ = {isa = PBXFileReference; lastKnownFileType = wrapper.xcdatamodel; path = iOSProficiencyExercise.xcdatamodel; sourceTree = "<group>"; };
		AF83567020B636EE00DA035A /* Info.plist */ = {isa = PBXFileReference; lastKnownFileType = text.plist.xml; path = Info.plist; sourceTree = "<group>"; };
		AF83567520B636EE00DA035A /* iOSProficiencyExerciseTests.xctest */ = {isa = PBXFileReference; explicitFileType = wrapper.cfbundle; includeInIndex = 0; path = iOSProficiencyExerciseTests.xctest; sourceTree = BUILT_PRODUCTS_DIR; };
		AF83567920B636EE00DA035A /* iOSProficiencyExerciseTests.swift */ = {isa = PBXFileReference; lastKnownFileType = sourcecode.swift; path = iOSProficiencyExerciseTests.swift; sourceTree = "<group>"; };
		AF83567B20B636EE00DA035A /* Info.plist */ = {isa = PBXFileReference; lastKnownFileType = text.plist.xml; path = Info.plist; sourceTree = "<group>"; };
		AF83568020B636EE00DA035A /* iOSProficiencyExerciseUITests.xctest */ = {isa = PBXFileReference; explicitFileType = wrapper.cfbundle; includeInIndex = 0; path = iOSProficiencyExerciseUITests.xctest; sourceTree = BUILT_PRODUCTS_DIR; };
		AF83568420B636EE00DA035A /* iOSProficiencyExerciseUITests.swift */ = {isa = PBXFileReference; lastKnownFileType = sourcecode.swift; path = iOSProficiencyExerciseUITests.swift; sourceTree = "<group>"; };
		AF83568620B636EE00DA035A /* Info.plist */ = {isa = PBXFileReference; lastKnownFileType = text.plist.xml; path = Info.plist; sourceTree = "<group>"; };
		AF83569720B6375B00DA035A /* AppDelegate.swift */ = {isa = PBXFileReference; fileEncoding = 4; lastKnownFileType = sourcecode.swift; path = AppDelegate.swift; sourceTree = "<group>"; };
		AF83569C20B637AA00DA035A /* Assets.xcassets */ = {isa = PBXFileReference; lastKnownFileType = folder.assetcatalog; path = Assets.xcassets; sourceTree = "<group>"; };
		AF8EC76620BA547900FBD5F6 /* FeedsViewController.swift */ = {isa = PBXFileReference; lastKnownFileType = sourcecode.swift; path = FeedsViewController.swift; sourceTree = "<group>"; };
		AF8EC78F20BA626800FBD5F6 /* FeedsModel.swift */ = {isa = PBXFileReference; lastKnownFileType = sourcecode.swift; path = FeedsModel.swift; sourceTree = "<group>"; };
		AF8EC79120BA634400FBD5F6 /* DynamicValue.swift */ = {isa = PBXFileReference; lastKnownFileType = sourcecode.swift; path = DynamicValue.swift; sourceTree = "<group>"; };
		AF8EC79820BA63C900FBD5F6 /* FeedsDataSource.swift */ = {isa = PBXFileReference; lastKnownFileType = sourcecode.swift; path = FeedsDataSource.swift; sourceTree = "<group>"; };
		AF8EC79A20BA63DC00FBD5F6 /* FeedsViewModel.swift */ = {isa = PBXFileReference; lastKnownFileType = sourcecode.swift; path = FeedsViewModel.swift; sourceTree = "<group>"; };
		AF8EC7A020BA65CC00FBD5F6 /* Result.swift */ = {isa = PBXFileReference; lastKnownFileType = sourcecode.swift; path = Result.swift; sourceTree = "<group>"; };
		AF8EC7A220BA65D900FBD5F6 /* ErrorResult.swift */ = {isa = PBXFileReference; lastKnownFileType = sourcecode.swift; path = ErrorResult.swift; sourceTree = "<group>"; };
		AF8EC7A420BA65FF00FBD5F6 /* RequestService.swift */ = {isa = PBXFileReference; lastKnownFileType = sourcecode.swift; path = RequestService.swift; sourceTree = "<group>"; };
		AF8EC7A620BA660F00FBD5F6 /* RequestHandler.swift */ = {isa = PBXFileReference; lastKnownFileType = sourcecode.swift; path = RequestHandler.swift; sourceTree = "<group>"; };
		AF8EC7AA20BA666000FBD5F6 /* ParserHelper.swift */ = {isa = PBXFileReference; lastKnownFileType = sourcecode.swift; path = ParserHelper.swift; sourceTree = "<group>"; };
		AF8EC7AC20BA668800FBD5F6 /* FeedsService.swift */ = {isa = PBXFileReference; lastKnownFileType = sourcecode.swift; path = FeedsService.swift; sourceTree = "<group>"; };
		AF8EC7AE20BA674B00FBD5F6 /* Reachability.swift */ = {isa = PBXFileReference; lastKnownFileType = sourcecode.swift; path = Reachability.swift; sourceTree = "<group>"; };
		AF8EC7BE20BA97E900FBD5F6 /* RequestFactory.swift */ = {isa = PBXFileReference; fileEncoding = 4; lastKnownFileType = sourcecode.swift; path = RequestFactory.swift; sourceTree = "<group>"; };
		AF8EC7C020BA97FF00FBD5F6 /* ImageManager.swift */ = {isa = PBXFileReference; fileEncoding = 4; lastKnownFileType = sourcecode.swift; path = ImageManager.swift; sourceTree = "<group>"; };
		AF8EC7C220BA98C500FBD5F6 /* ImageHelper.swift */ = {isa = PBXFileReference; lastKnownFileType = sourcecode.swift; path = ImageHelper.swift; sourceTree = "<group>"; };
/* End PBXFileReference section */

/* Begin PBXFrameworksBuildPhase section */
		AF83565B20B636EE00DA035A /* Frameworks */ = {
			isa = PBXFrameworksBuildPhase;
			buildActionMask = 2147483647;
			files = (
			);
			runOnlyForDeploymentPostprocessing = 0;
		};
		AF83567220B636EE00DA035A /* Frameworks */ = {
			isa = PBXFrameworksBuildPhase;
			buildActionMask = 2147483647;
			files = (
			);
			runOnlyForDeploymentPostprocessing = 0;
		};
		AF83567D20B636EE00DA035A /* Frameworks */ = {
			isa = PBXFrameworksBuildPhase;
			buildActionMask = 2147483647;
			files = (
			);
			runOnlyForDeploymentPostprocessing = 0;
		};
/* End PBXFrameworksBuildPhase section */

/* Begin PBXGroup section */
		AF12AC5520B63C1900157B83 /* Storyboard */ = {
			isa = PBXGroup;
			children = (
				AF12AC5720B63C1900157B83 /* Main.storyboard */,
				AF12AC5620B63C1900157B83 /* LaunchScreen.storyboard */,
			);
			path = Storyboard;
			sourceTree = "<group>";
		};
		AF12AC5A20B63C6D00157B83 /* View */ = {
			isa = PBXGroup;
			children = (
				AF19CF8E20B7E7E2004B9BC8 /* TableViewCell */,
				AF12AC5B20B63C6D00157B83 /* CollectionViewCell */,
			);
			path = View;
			sourceTree = "<group>";
		};
		AF12AC5B20B63C6D00157B83 /* CollectionViewCell */ = {
			isa = PBXGroup;
			children = (
				AF12AC5C20B63C8800157B83 /* CollectionViewCell.swift */,
			);
			path = CollectionViewCell;
			sourceTree = "<group>";
		};
		AF12AC6420B6497200157B83 /* Extension */ = {
			isa = PBXGroup;
			children = (
				AF147E6C20B6E43B00B91F2E /* String.swift */,
				AF147E7320B6F1BE00B91F2E /* UIColor.swift */,
			);
			path = Extension;
			sourceTree = "<group>";
		};
		AF147E7020B6F15800B91F2E /* Constants */ = {
			isa = PBXGroup;
			children = (
				AF147E7120B6F16D00B91F2E /* ThemeColor.swift */,
			);
			path = Constants;
			sourceTree = "<group>";
		};
		AF147E7520B6F45900B91F2E /* Util */ = {
			isa = PBXGroup;
			children = (
				AF147E7620B6F46D00B91F2E /* Util.swift */,
				AF1BFFA620B90B1F004FEF2B /* RootViewManager.swift */,
				AF8EC7AE20BA674B00FBD5F6 /* Reachability.swift */,
				AF8EC7C220BA98C500FBD5F6 /* ImageHelper.swift */,
			);
			path = Util;
			sourceTree = "<group>";
		};
		AF17DE8620B7AC51006AB7E5 /* Layouts */ = {
			isa = PBXGroup;
			children = (
				AF17DE8720B7ACC5006AB7E5 /* CustomLayout.swift */,
			);
			path = Layouts;
			sourceTree = "<group>";
		};
		AF19CF8E20B7E7E2004B9BC8 /* TableViewCell */ = {
			isa = PBXGroup;
			children = (
				AF19CF8F20B7E827004B9BC8 /* PortraitTableViewCell.swift */,
				AF19CF9120B7E840004B9BC8 /* LandscapeTableViewCell.swift */,
			);
			path = TableViewCell;
			sourceTree = "<group>";
		};
		AF83565520B636EE00DA035A = {
			isa = PBXGroup;
			children = (
				AF147E6E20B6E86100B91F2E /* .gitignore */,
				AF83566020B636EE00DA035A /* iOSProficiencyExercise */,
				AF83567820B636EE00DA035A /* iOSProficiencyExerciseTests */,
				AF83568320B636EE00DA035A /* iOSProficiencyExerciseUITests */,
				AF83565F20B636EE00DA035A /* Products */,
			);
			sourceTree = "<group>";
		};
		AF83565F20B636EE00DA035A /* Products */ = {
			isa = PBXGroup;
			children = (
				AF83565E20B636EE00DA035A /* iOSProficiencyExercise.app */,
				AF83567520B636EE00DA035A /* iOSProficiencyExerciseTests.xctest */,
				AF83568020B636EE00DA035A /* iOSProficiencyExerciseUITests.xctest */,
			);
			name = Products;
			sourceTree = "<group>";
		};
		AF83566020B636EE00DA035A /* iOSProficiencyExercise */ = {
			isa = PBXGroup;
			children = (
				AF83569620B6375B00DA035A /* AppDelegate */,
				AF8EC79C20BA657800FBD5F6 /* Services */,
				AF12AC5A20B63C6D00157B83 /* View */,
				AF83569520B6375B00DA035A /* Model */,
				AF8EC79320BA639800FBD5F6 /* ViewModels */,
				AF83569320B6375B00DA035A /* Controller */,
				AF12AC5520B63C1900157B83 /* Storyboard */,
				AF12AC6420B6497200157B83 /* Extension */,
				AF83569B20B637AA00DA035A /* Resources */,
				AF147E7020B6F15800B91F2E /* Constants */,
				AF147E7520B6F45900B91F2E /* Util */,
				AF17DE8620B7AC51006AB7E5 /* Layouts */,
				AF83567020B636EE00DA035A /* Info.plist */,
				AF83566820B636EE00DA035A /* iOSProficiencyExercise.xcdatamodeld */,
			);
			path = iOSProficiencyExercise;
			sourceTree = "<group>";
		};
		AF83567820B636EE00DA035A /* iOSProficiencyExerciseTests */ = {
			isa = PBXGroup;
			children = (
				AF83567920B636EE00DA035A /* iOSProficiencyExerciseTests.swift */,
				AF83567B20B636EE00DA035A /* Info.plist */,
			);
			path = iOSProficiencyExerciseTests;
			sourceTree = "<group>";
		};
		AF83568320B636EE00DA035A /* iOSProficiencyExerciseUITests */ = {
			isa = PBXGroup;
			children = (
				AF83568420B636EE00DA035A /* iOSProficiencyExerciseUITests.swift */,
				AF83568620B636EE00DA035A /* Info.plist */,
			);
			path = iOSProficiencyExerciseUITests;
			sourceTree = "<group>";
		};
		AF83569320B6375B00DA035A /* Controller */ = {
			isa = PBXGroup;
			children = (
				AF8EC76620BA547900FBD5F6 /* FeedsViewController.swift */,
				AF19CF8C20B7E66F004B9BC8 /* DetailViewController.swift */,
			);
			path = Controller;
			sourceTree = "<group>";
		};
		AF83569520B6375B00DA035A /* Model */ = {
			isa = PBXGroup;
			children = (
				AF147E6A20B6E19C00B91F2E /* ListModel.swift */,
				AF8EC78F20BA626800FBD5F6 /* FeedsModel.swift */,
				AF8EC79120BA634400FBD5F6 /* DynamicValue.swift */,
			);
			path = Model;
			sourceTree = "<group>";
		};
		AF83569620B6375B00DA035A /* AppDelegate */ = {
			isa = PBXGroup;
			children = (
				AF83569720B6375B00DA035A /* AppDelegate.swift */,
			);
			path = AppDelegate;
			sourceTree = "<group>";
		};
		AF83569B20B637AA00DA035A /* Resources */ = {
			isa = PBXGroup;
			children = (
				AF83569C20B637AA00DA035A /* Assets.xcassets */,
			);
			path = Resources;
			sourceTree = "<group>";
		};
		AF8EC79320BA639800FBD5F6 /* ViewModels */ = {
			isa = PBXGroup;
			children = (
				AF8EC79A20BA63DC00FBD5F6 /* FeedsViewModel.swift */,
				AF8EC79820BA63C900FBD5F6 /* FeedsDataSource.swift */,
			);
			path = ViewModels;
			sourceTree = "<group>";
		};
		AF8EC79C20BA657800FBD5F6 /* Services */ = {
			isa = PBXGroup;
			children = (
				AF8EC7AC20BA668800FBD5F6 /* FeedsService.swift */,
				AF8EC79E20BA65A700FBD5F6 /* Network */,
				AF8EC79D20BA65A700FBD5F6 /* Parser */,
				AF8EC79F20BA65A700FBD5F6 /* Result */,
			);
			path = Services;
			sourceTree = "<group>";
		};
		AF8EC79D20BA65A700FBD5F6 /* Parser */ = {
			isa = PBXGroup;
			children = (
				AF8EC7AA20BA666000FBD5F6 /* ParserHelper.swift */,
			);
			path = Parser;
			sourceTree = "<group>";
		};
		AF8EC79E20BA65A700FBD5F6 /* Network */ = {
			isa = PBXGroup;
			children = (
				AF8EC7BE20BA97E900FBD5F6 /* RequestFactory.swift */,
				AF8EC7A420BA65FF00FBD5F6 /* RequestService.swift */,
				AF8EC7A620BA660F00FBD5F6 /* RequestHandler.swift */,
				AF8EC7C020BA97FF00FBD5F6 /* ImageManager.swift */,
			);
			path = Network;
			sourceTree = "<group>";
		};
		AF8EC79F20BA65A700FBD5F6 /* Result */ = {
			isa = PBXGroup;
			children = (
				AF8EC7A020BA65CC00FBD5F6 /* Result.swift */,
				AF8EC7A220BA65D900FBD5F6 /* ErrorResult.swift */,
			);
			path = Result;
			sourceTree = "<group>";
		};
/* End PBXGroup section */

/* Begin PBXNativeTarget section */
		AF83565D20B636EE00DA035A /* iOSProficiencyExercise */ = {
			isa = PBXNativeTarget;
			buildConfigurationList = AF83568920B636EE00DA035A /* Build configuration list for PBXNativeTarget "iOSProficiencyExercise" */;
			buildPhases = (
				AF83565A20B636EE00DA035A /* Sources */,
				AF83565B20B636EE00DA035A /* Frameworks */,
				AF83565C20B636EE00DA035A /* Resources */,
			);
			buildRules = (
			);
			dependencies = (
			);
			name = iOSProficiencyExercise;
			productName = iOSProficiencyExercise;
			productReference = AF83565E20B636EE00DA035A /* iOSProficiencyExercise.app */;
			productType = "com.apple.product-type.application";
		};
		AF83567420B636EE00DA035A /* iOSProficiencyExerciseTests */ = {
			isa = PBXNativeTarget;
			buildConfigurationList = AF83568C20B636EE00DA035A /* Build configuration list for PBXNativeTarget "iOSProficiencyExerciseTests" */;
			buildPhases = (
				AF83567120B636EE00DA035A /* Sources */,
				AF83567220B636EE00DA035A /* Frameworks */,
				AF83567320B636EE00DA035A /* Resources */,
			);
			buildRules = (
			);
			dependencies = (
				AF83567720B636EE00DA035A /* PBXTargetDependency */,
			);
			name = iOSProficiencyExerciseTests;
			productName = iOSProficiencyExerciseTests;
			productReference = AF83567520B636EE00DA035A /* iOSProficiencyExerciseTests.xctest */;
			productType = "com.apple.product-type.bundle.unit-test";
		};
		AF83567F20B636EE00DA035A /* iOSProficiencyExerciseUITests */ = {
			isa = PBXNativeTarget;
			buildConfigurationList = AF83568F20B636EE00DA035A /* Build configuration list for PBXNativeTarget "iOSProficiencyExerciseUITests" */;
			buildPhases = (
				AF83567C20B636EE00DA035A /* Sources */,
				AF83567D20B636EE00DA035A /* Frameworks */,
				AF83567E20B636EE00DA035A /* Resources */,
			);
			buildRules = (
			);
			dependencies = (
				AF83568220B636EE00DA035A /* PBXTargetDependency */,
			);
			name = iOSProficiencyExerciseUITests;
			productName = iOSProficiencyExerciseUITests;
			productReference = AF83568020B636EE00DA035A /* iOSProficiencyExerciseUITests.xctest */;
			productType = "com.apple.product-type.bundle.ui-testing";
		};
/* End PBXNativeTarget section */

/* Begin PBXProject section */
		AF83565620B636EE00DA035A /* Project object */ = {
			isa = PBXProject;
			attributes = {
				LastSwiftUpdateCheck = 0920;
				LastUpgradeCheck = 0920;
				ORGANIZATIONNAME = NischalHada;
				TargetAttributes = {
					AF83565D20B636EE00DA035A = {
						CreatedOnToolsVersion = 9.2;
						ProvisioningStyle = Automatic;
					};
					AF83567420B636EE00DA035A = {
						CreatedOnToolsVersion = 9.2;
						ProvisioningStyle = Automatic;
						TestTargetID = AF83565D20B636EE00DA035A;
					};
					AF83567F20B636EE00DA035A = {
						CreatedOnToolsVersion = 9.2;
						ProvisioningStyle = Automatic;
						TestTargetID = AF83565D20B636EE00DA035A;
					};
				};
			};
			buildConfigurationList = AF83565920B636EE00DA035A /* Build configuration list for PBXProject "iOSProficiencyExercise" */;
			compatibilityVersion = "Xcode 8.0";
			developmentRegion = en;
			hasScannedForEncodings = 0;
			knownRegions = (
				en,
				Base,
			);
			mainGroup = AF83565520B636EE00DA035A;
			productRefGroup = AF83565F20B636EE00DA035A /* Products */;
			projectDirPath = "";
			projectRoot = "";
			targets = (
				AF83565D20B636EE00DA035A /* iOSProficiencyExercise */,
				AF83567420B636EE00DA035A /* iOSProficiencyExerciseTests */,
				AF83567F20B636EE00DA035A /* iOSProficiencyExerciseUITests */,
			);
		};
/* End PBXProject section */

/* Begin PBXResourcesBuildPhase section */
		AF83565C20B636EE00DA035A /* Resources */ = {
			isa = PBXResourcesBuildPhase;
			buildActionMask = 2147483647;
			files = (
				AF147E6F20B6E86100B91F2E /* .gitignore in Resources */,
				AF12AC5920B63C1900157B83 /* Main.storyboard in Resources */,
				AF83569D20B637AA00DA035A /* Assets.xcassets in Resources */,
				AF12AC5820B63C1900157B83 /* LaunchScreen.storyboard in Resources */,
			);
			runOnlyForDeploymentPostprocessing = 0;
		};
		AF83567320B636EE00DA035A /* Resources */ = {
			isa = PBXResourcesBuildPhase;
			buildActionMask = 2147483647;
			files = (
			);
			runOnlyForDeploymentPostprocessing = 0;
		};
		AF83567E20B636EE00DA035A /* Resources */ = {
			isa = PBXResourcesBuildPhase;
			buildActionMask = 2147483647;
			files = (
			);
			runOnlyForDeploymentPostprocessing = 0;
		};
/* End PBXResourcesBuildPhase section */

/* Begin PBXSourcesBuildPhase section */
		AF83565A20B636EE00DA035A /* Sources */ = {
			isa = PBXSourcesBuildPhase;
			buildActionMask = 2147483647;
			files = (
				AF147E6D20B6E43B00B91F2E /* String.swift in Sources */,
				AF19CF9220B7E840004B9BC8 /* LandscapeTableViewCell.swift in Sources */,
				AF8EC7C120BA97FF00FBD5F6 /* ImageManager.swift in Sources */,
				AF1BFFA720B90B1F004FEF2B /* RootViewManager.swift in Sources */,
				AF8EC79220BA634400FBD5F6 /* DynamicValue.swift in Sources */,
				AF8EC7AF20BA674B00FBD5F6 /* Reachability.swift in Sources */,
				AF147E7420B6F1BE00B91F2E /* UIColor.swift in Sources */,
				AF8EC7A120BA65CC00FBD5F6 /* Result.swift in Sources */,
				AF83569920B6375B00DA035A /* AppDelegate.swift in Sources */,
				AF8EC79920BA63C900FBD5F6 /* FeedsDataSource.swift in Sources */,
				AF8EC76720BA547900FBD5F6 /* FeedsViewController.swift in Sources */,
				AF17DE8820B7ACC5006AB7E5 /* CustomLayout.swift in Sources */,
				AF8EC79B20BA63DC00FBD5F6 /* FeedsViewModel.swift in Sources */,
				AF8EC7BF20BA97E900FBD5F6 /* RequestFactory.swift in Sources */,
				AF8EC7A720BA660F00FBD5F6 /* RequestHandler.swift in Sources */,
				AF8EC7AB20BA666000FBD5F6 /* ParserHelper.swift in Sources */,
				AF19CF9020B7E827004B9BC8 /* PortraitTableViewCell.swift in Sources */,
				AF19CF8D20B7E66F004B9BC8 /* DetailViewController.swift in Sources */,
				AF147E7720B6F46D00B91F2E /* Util.swift in Sources */,
				AF8EC79020BA626800FBD5F6 /* FeedsModel.swift in Sources */,
				AF147E7220B6F16D00B91F2E /* ThemeColor.swift in Sources */,
				AF12AC5D20B63C8800157B83 /* CollectionViewCell.swift in Sources */,
				AF8EC7A520BA65FF00FBD5F6 /* RequestService.swift in Sources */,
				AF8EC7A320BA65D900FBD5F6 /* ErrorResult.swift in Sources */,
				AF8EC7C320BA98C500FBD5F6 /* ImageHelper.swift in Sources */,
				AF8EC7AD20BA668800FBD5F6 /* FeedsService.swift in Sources */,
				AF147E6B20B6E19C00B91F2E /* ListModel.swift in Sources */,
				AF83566A20B636EE00DA035A /* iOSProficiencyExercise.xcdatamodeld in Sources */,
			);
			runOnlyForDeploymentPostprocessing = 0;
		};
		AF83567120B636EE00DA035A /* Sources */ = {
			isa = PBXSourcesBuildPhase;
			buildActionMask = 2147483647;
			files = (
				AF83567A20B636EE00DA035A /* iOSProficiencyExerciseTests.swift in Sources */,
			);
			runOnlyForDeploymentPostprocessing = 0;
		};
		AF83567C20B636EE00DA035A /* Sources */ = {
			isa = PBXSourcesBuildPhase;
			buildActionMask = 2147483647;
			files = (
				AF83568520B636EE00DA035A /* iOSProficiencyExerciseUITests.swift in Sources */,
			);
			runOnlyForDeploymentPostprocessing = 0;
		};
/* End PBXSourcesBuildPhase section */

/* Begin PBXTargetDependency section */
		AF83567720B636EE00DA035A /* PBXTargetDependency */ = {
			isa = PBXTargetDependency;
			target = AF83565D20B636EE00DA035A /* iOSProficiencyExercise */;
			targetProxy = AF83567620B636EE00DA035A /* PBXContainerItemProxy */;
		};
		AF83568220B636EE00DA035A /* PBXTargetDependency */ = {
			isa = PBXTargetDependency;
			target = AF83565D20B636EE00DA035A /* iOSProficiencyExercise */;
			targetProxy = AF83568120B636EE00DA035A /* PBXContainerItemProxy */;
		};
/* End PBXTargetDependency section */

/* Begin XCBuildConfiguration section */
		AF83568720B636EE00DA035A /* Debug */ = {
			isa = XCBuildConfiguration;
			buildSettings = {
				ALWAYS_SEARCH_USER_PATHS = NO;
				CLANG_ANALYZER_NONNULL = YES;
				CLANG_ANALYZER_NUMBER_OBJECT_CONVERSION = YES_AGGRESSIVE;
				CLANG_CXX_LANGUAGE_STANDARD = "gnu++14";
				CLANG_CXX_LIBRARY = "libc++";
				CLANG_ENABLE_MODULES = YES;
				CLANG_ENABLE_OBJC_ARC = YES;
				CLANG_WARN_BLOCK_CAPTURE_AUTORELEASING = YES;
				CLANG_WARN_BOOL_CONVERSION = YES;
				CLANG_WARN_COMMA = YES;
				CLANG_WARN_CONSTANT_CONVERSION = YES;
				CLANG_WARN_DIRECT_OBJC_ISA_USAGE = YES_ERROR;
				CLANG_WARN_DOCUMENTATION_COMMENTS = YES;
				CLANG_WARN_EMPTY_BODY = YES;
				CLANG_WARN_ENUM_CONVERSION = YES;
				CLANG_WARN_INFINITE_RECURSION = YES;
				CLANG_WARN_INT_CONVERSION = YES;
				CLANG_WARN_NON_LITERAL_NULL_CONVERSION = YES;
				CLANG_WARN_OBJC_LITERAL_CONVERSION = YES;
				CLANG_WARN_OBJC_ROOT_CLASS = YES_ERROR;
				CLANG_WARN_RANGE_LOOP_ANALYSIS = YES;
				CLANG_WARN_STRICT_PROTOTYPES = YES;
				CLANG_WARN_SUSPICIOUS_MOVE = YES;
				CLANG_WARN_UNGUARDED_AVAILABILITY = YES_AGGRESSIVE;
				CLANG_WARN_UNREACHABLE_CODE = YES;
				CLANG_WARN__DUPLICATE_METHOD_MATCH = YES;
				CODE_SIGN_IDENTITY = "iPhone Developer";
				COPY_PHASE_STRIP = NO;
				DEBUG_INFORMATION_FORMAT = dwarf;
				ENABLE_STRICT_OBJC_MSGSEND = YES;
				ENABLE_TESTABILITY = YES;
				GCC_C_LANGUAGE_STANDARD = gnu11;
				GCC_DYNAMIC_NO_PIC = NO;
				GCC_NO_COMMON_BLOCKS = YES;
				GCC_OPTIMIZATION_LEVEL = 0;
				GCC_PREPROCESSOR_DEFINITIONS = (
					"DEBUG=1",
					"$(inherited)",
				);
				GCC_WARN_64_TO_32_BIT_CONVERSION = YES;
				GCC_WARN_ABOUT_RETURN_TYPE = YES_ERROR;
				GCC_WARN_UNDECLARED_SELECTOR = YES;
				GCC_WARN_UNINITIALIZED_AUTOS = YES_AGGRESSIVE;
				GCC_WARN_UNUSED_FUNCTION = YES;
				GCC_WARN_UNUSED_VARIABLE = YES;
				IPHONEOS_DEPLOYMENT_TARGET = 11.2;
				MTL_ENABLE_DEBUG_INFO = YES;
				ONLY_ACTIVE_ARCH = YES;
				SDKROOT = iphoneos;
				SWIFT_ACTIVE_COMPILATION_CONDITIONS = DEBUG;
				SWIFT_OPTIMIZATION_LEVEL = "-Onone";
			};
			name = Debug;
		};
		AF83568820B636EE00DA035A /* Release */ = {
			isa = XCBuildConfiguration;
			buildSettings = {
				ALWAYS_SEARCH_USER_PATHS = NO;
				CLANG_ANALYZER_NONNULL = YES;
				CLANG_ANALYZER_NUMBER_OBJECT_CONVERSION = YES_AGGRESSIVE;
				CLANG_CXX_LANGUAGE_STANDARD = "gnu++14";
				CLANG_CXX_LIBRARY = "libc++";
				CLANG_ENABLE_MODULES = YES;
				CLANG_ENABLE_OBJC_ARC = YES;
				CLANG_WARN_BLOCK_CAPTURE_AUTORELEASING = YES;
				CLANG_WARN_BOOL_CONVERSION = YES;
				CLANG_WARN_COMMA = YES;
				CLANG_WARN_CONSTANT_CONVERSION = YES;
				CLANG_WARN_DIRECT_OBJC_ISA_USAGE = YES_ERROR;
				CLANG_WARN_DOCUMENTATION_COMMENTS = YES;
				CLANG_WARN_EMPTY_BODY = YES;
				CLANG_WARN_ENUM_CONVERSION = YES;
				CLANG_WARN_INFINITE_RECURSION = YES;
				CLANG_WARN_INT_CONVERSION = YES;
				CLANG_WARN_NON_LITERAL_NULL_CONVERSION = YES;
				CLANG_WARN_OBJC_LITERAL_CONVERSION = YES;
				CLANG_WARN_OBJC_ROOT_CLASS = YES_ERROR;
				CLANG_WARN_RANGE_LOOP_ANALYSIS = YES;
				CLANG_WARN_STRICT_PROTOTYPES = YES;
				CLANG_WARN_SUSPICIOUS_MOVE = YES;
				CLANG_WARN_UNGUARDED_AVAILABILITY = YES_AGGRESSIVE;
				CLANG_WARN_UNREACHABLE_CODE = YES;
				CLANG_WARN__DUPLICATE_METHOD_MATCH = YES;
				CODE_SIGN_IDENTITY = "iPhone Developer";
				COPY_PHASE_STRIP = NO;
				DEBUG_INFORMATION_FORMAT = "dwarf-with-dsym";
				ENABLE_NS_ASSERTIONS = NO;
				ENABLE_STRICT_OBJC_MSGSEND = YES;
				GCC_C_LANGUAGE_STANDARD = gnu11;
				GCC_NO_COMMON_BLOCKS = YES;
				GCC_WARN_64_TO_32_BIT_CONVERSION = YES;
				GCC_WARN_ABOUT_RETURN_TYPE = YES_ERROR;
				GCC_WARN_UNDECLARED_SELECTOR = YES;
				GCC_WARN_UNINITIALIZED_AUTOS = YES_AGGRESSIVE;
				GCC_WARN_UNUSED_FUNCTION = YES;
				GCC_WARN_UNUSED_VARIABLE = YES;
				IPHONEOS_DEPLOYMENT_TARGET = 11.2;
				MTL_ENABLE_DEBUG_INFO = NO;
				SDKROOT = iphoneos;
				SWIFT_OPTIMIZATION_LEVEL = "-Owholemodule";
				VALIDATE_PRODUCT = YES;
			};
			name = Release;
		};
		AF83568A20B636EE00DA035A /* Debug */ = {
			isa = XCBuildConfiguration;
			buildSettings = {
				ASSETCATALOG_COMPILER_APPICON_NAME = AppIcon;
				CODE_SIGN_STYLE = Automatic;
				DEVELOPMENT_TEAM = 9MRVAKM7YL;
				INFOPLIST_FILE = iOSProficiencyExercise/Info.plist;
				IPHONEOS_DEPLOYMENT_TARGET = 8.0;
				LD_RUNPATH_SEARCH_PATHS = "$(inherited) @executable_path/Frameworks";
				PRODUCT_BUNDLE_IDENTIFIER = Nischalhada.iOSProficiencyExercise;
				PRODUCT_NAME = "$(TARGET_NAME)";
				SWIFT_VERSION = 4.0;
				TARGETED_DEVICE_FAMILY = "1,2";
			};
			name = Debug;
		};
		AF83568B20B636EE00DA035A /* Release */ = {
			isa = XCBuildConfiguration;
			buildSettings = {
				ASSETCATALOG_COMPILER_APPICON_NAME = AppIcon;
				CODE_SIGN_STYLE = Automatic;
				DEVELOPMENT_TEAM = 9MRVAKM7YL;
				INFOPLIST_FILE = iOSProficiencyExercise/Info.plist;
				IPHONEOS_DEPLOYMENT_TARGET = 8.0;
				LD_RUNPATH_SEARCH_PATHS = "$(inherited) @executable_path/Frameworks";
				PRODUCT_BUNDLE_IDENTIFIER = Nischalhada.iOSProficiencyExercise;
				PRODUCT_NAME = "$(TARGET_NAME)";
				SWIFT_VERSION = 4.0;
				TARGETED_DEVICE_FAMILY = "1,2";
			};
			name = Release;
		};
		AF83568D20B636EE00DA035A /* Debug */ = {
			isa = XCBuildConfiguration;
			buildSettings = {
				ALWAYS_EMBED_SWIFT_STANDARD_LIBRARIES = YES;
				BUNDLE_LOADER = "$(TEST_HOST)";
				CODE_SIGN_STYLE = Automatic;
				DEVELOPMENT_TEAM = 9MRVAKM7YL;
				INFOPLIST_FILE = iOSProficiencyExerciseTests/Info.plist;
				LD_RUNPATH_SEARCH_PATHS = "$(inherited) @executable_path/Frameworks @loader_path/Frameworks";
				PRODUCT_BUNDLE_IDENTIFIER = Nischalhada.iOSProficiencyExerciseTests;
				PRODUCT_NAME = "$(TARGET_NAME)";
				SWIFT_VERSION = 4.0;
				TARGETED_DEVICE_FAMILY = "1,2";
				TEST_HOST = "$(BUILT_PRODUCTS_DIR)/iOSProficiencyExercise.app/iOSProficiencyExercise";
			};
			name = Debug;
		};
		AF83568E20B636EE00DA035A /* Release */ = {
			isa = XCBuildConfiguration;
			buildSettings = {
				ALWAYS_EMBED_SWIFT_STANDARD_LIBRARIES = YES;
				BUNDLE_LOADER = "$(TEST_HOST)";
				CODE_SIGN_STYLE = Automatic;
				DEVELOPMENT_TEAM = 9MRVAKM7YL;
				INFOPLIST_FILE = iOSProficiencyExerciseTests/Info.plist;
				LD_RUNPATH_SEARCH_PATHS = "$(inherited) @executable_path/Frameworks @loader_path/Frameworks";
				PRODUCT_BUNDLE_IDENTIFIER = Nischalhada.iOSProficiencyExerciseTests;
				PRODUCT_NAME = "$(TARGET_NAME)";
				SWIFT_VERSION = 4.0;
				TARGETED_DEVICE_FAMILY = "1,2";
				TEST_HOST = "$(BUILT_PRODUCTS_DIR)/iOSProficiencyExercise.app/iOSProficiencyExercise";
			};
			name = Release;
		};
		AF83569020B636EE00DA035A /* Debug */ = {
			isa = XCBuildConfiguration;
			buildSettings = {
				ALWAYS_EMBED_SWIFT_STANDARD_LIBRARIES = YES;
				CODE_SIGN_STYLE = Automatic;
				DEVELOPMENT_TEAM = 9MRVAKM7YL;
				INFOPLIST_FILE = iOSProficiencyExerciseUITests/Info.plist;
				LD_RUNPATH_SEARCH_PATHS = "$(inherited) @executable_path/Frameworks @loader_path/Frameworks";
				PRODUCT_BUNDLE_IDENTIFIER = Nischalhada.iOSProficiencyExerciseUITests;
				PRODUCT_NAME = "$(TARGET_NAME)";
				SWIFT_VERSION = 4.0;
				TARGETED_DEVICE_FAMILY = "1,2";
				TEST_TARGET_NAME = iOSProficiencyExercise;
			};
			name = Debug;
		};
		AF83569120B636EE00DA035A /* Release */ = {
			isa = XCBuildConfiguration;
			buildSettings = {
				ALWAYS_EMBED_SWIFT_STANDARD_LIBRARIES = YES;
				CODE_SIGN_STYLE = Automatic;
				DEVELOPMENT_TEAM = 9MRVAKM7YL;
				INFOPLIST_FILE = iOSProficiencyExerciseUITests/Info.plist;
				LD_RUNPATH_SEARCH_PATHS = "$(inherited) @executable_path/Frameworks @loader_path/Frameworks";
				PRODUCT_BUNDLE_IDENTIFIER = Nischalhada.iOSProficiencyExerciseUITests;
				PRODUCT_NAME = "$(TARGET_NAME)";
				SWIFT_VERSION = 4.0;
				TARGETED_DEVICE_FAMILY = "1,2";
				TEST_TARGET_NAME = iOSProficiencyExercise;
			};
			name = Release;
		};
/* End XCBuildConfiguration section */

/* Begin XCConfigurationList section */
		AF83565920B636EE00DA035A /* Build configuration list for PBXProject "iOSProficiencyExercise" */ = {
			isa = XCConfigurationList;
			buildConfigurations = (
				AF83568720B636EE00DA035A /* Debug */,
				AF83568820B636EE00DA035A /* Release */,
			);
			defaultConfigurationIsVisible = 0;
			defaultConfigurationName = Release;
		};
		AF83568920B636EE00DA035A /* Build configuration list for PBXNativeTarget "iOSProficiencyExercise" */ = {
			isa = XCConfigurationList;
			buildConfigurations = (
				AF83568A20B636EE00DA035A /* Debug */,
				AF83568B20B636EE00DA035A /* Release */,
			);
			defaultConfigurationIsVisible = 0;
			defaultConfigurationName = Release;
		};
		AF83568C20B636EE00DA035A /* Build configuration list for PBXNativeTarget "iOSProficiencyExerciseTests" */ = {
			isa = XCConfigurationList;
			buildConfigurations = (
				AF83568D20B636EE00DA035A /* Debug */,
				AF83568E20B636EE00DA035A /* Release */,
			);
			defaultConfigurationIsVisible = 0;
			defaultConfigurationName = Release;
		};
		AF83568F20B636EE00DA035A /* Build configuration list for PBXNativeTarget "iOSProficiencyExerciseUITests" */ = {
			isa = XCConfigurationList;
			buildConfigurations = (
				AF83569020B636EE00DA035A /* Debug */,
				AF83569120B636EE00DA035A /* Release */,
			);
			defaultConfigurationIsVisible = 0;
			defaultConfigurationName = Release;
		};
/* End XCConfigurationList section */

/* Begin XCVersionGroup section */
		AF83566820B636EE00DA035A /* iOSProficiencyExercise.xcdatamodeld */ = {
			isa = XCVersionGroup;
			children = (
				AF83566920B636EE00DA035A /* iOSProficiencyExercise.xcdatamodel */,
			);
			currentVersion = AF83566920B636EE00DA035A /* iOSProficiencyExercise.xcdatamodel */;
			path = iOSProficiencyExercise.xcdatamodeld;
			sourceTree = "<group>";
			versionGroupType = wrapper.xcdatamodel;
		};
/* End XCVersionGroup section */
	};
	rootObject = AF83565620B636EE00DA035A /* Project object */;
}
